
Microsoft Visual Studio Solution File, Format Version 12.00
# Visual Studio Version 17
VisualStudioVersion = 17.7.34009.444
MinimumVisualStudioVersion = 10.0.40219.1
Project("{FAE04EC0-301F-11D3-BF4B-00C04F79EFBC}") = "KindergartenProject", "KindergartenProject\KindergartenProject.csproj", "{5919F128-4AED-4DF0-BE0D-9F7D126D344B}"
EndProject
Project("{FAE04EC0-301F-11D3-BF4B-00C04F79EFBC}") = "KindergartenProject.Infrastructure", "KindergartenProject.Infrastructure\KindergartenProject.Infrastructure.csproj", "{B3B1C2EE-5EAB-40A6-9F51-39E4F8D46D89}"
	ProjectSection(ProjectDependencies) = postProject
		{5919F128-4AED-4DF0-BE0D-9F7D126D344B} = {5919F128-4AED-4DF0-BE0D-9F7D126D344B}
	EndProjectSection
EndProject
Global
	GlobalSection(SolutionConfigurationPlatforms) = preSolution
		Debug|Any CPU = Debug|Any CPU
		Release|Any CPU = Release|Any CPU
	EndGlobalSection
	GlobalSection(ProjectConfigurationPlatforms) = postSolution
		{5919F128-4AED-4DF0-BE0D-9F7D126D344B}.Debug|Any CPU.ActiveCfg = Debug|Any CPU
		{5919F128-4AED-4DF0-BE0D-9F7D126D344B}.Debug|Any CPU.Build.0 = Debug|Any CPU
		{5919F128-4AED-4DF0-BE0D-9F7D126D344B}.Release|Any CPU.ActiveCfg = Release|Any CPU
		{5919F128-4AED-4DF0-BE0D-9F7D126D344B}.Release|Any CPU.Build.0 = Release|Any CPU
		{B3B1C2EE-5EAB-40A6-9F51-39E4F8D46D89}.Debug|Any CPU.ActiveCfg = Debug|Any CPU
		{B3B1C2EE-5EAB-40A6-9F51-39E4F8D46D89}.Debug|Any CPU.Build.0 = Debug|Any CPU
		{B3B1C2EE-5EAB-40A6-9F51-39E4F8D46D89}.Release|Any CPU.ActiveCfg = Release|Any CPU
		{B3B1C2EE-5EAB-40A6-9F51-39E4F8D46D89}.Release|Any CPU.Build.0 = Release|Any CPU
	EndGlobalSection
	GlobalSection(SolutionProperties) = preSolution
		HideSolutionNode = FALSE
	EndGlobalSection
	GlobalSection(ExtensibilityGlobals) = postSolution
		SolutionGuid = {1F86EC9B-900B-454D-8BBE-9323D31EB1E7}
	EndGlobalSection
EndGlobal
